
Microsoft Visual Studio Solution File, Format Version 12.00
# Visual Studio Version 17
VisualStudioVersion = 17.5.002.0
MinimumVisualStudioVersion = 10.0.40219.1
Project("{9A19103F-16F7-4668-BE54-9A1E7A4F7556}") = "TodoAppApi", "TodoAppApi.csproj", "{2BEF9ED9-3F26-42C2-9C32-77D17C2C016B}"
EndProject
Global
	GlobalSection(SolutionConfigurationPlatforms) = preSolution
		Debug|Any CPU = Debug|Any CPU
		Release|Any CPU = Release|Any CPU
	EndGlobalSection
	GlobalSection(ProjectConfigurationPlatforms) = postSolution
		{2BEF9ED9-3F26-42C2-9C32-77D17C2C016B}.Debug|Any CPU.ActiveCfg = Debug|Any CPU
		{2BEF9ED9-3F26-42C2-9C32-77D17C2C016B}.Debug|Any CPU.Build.0 = Debug|Any CPU
		{2BEF9ED9-3F26-42C2-9C32-77D17C2C016B}.Release|Any CPU.ActiveCfg = Release|Any CPU
		{2BEF9ED9-3F26-42C2-9C32-77D17C2C016B}.Release|Any CPU.Build.0 = Release|Any CPU
	EndGlobalSection
	GlobalSection(SolutionProperties) = preSolution
		HideSolutionNode = FALSE
	EndGlobalSection
	GlobalSection(ExtensibilityGlobals) = postSolution
		SolutionGuid = {0F1DE225-DDC0-462A-9F41-05E6241E0FBB}
	EndGlobalSection
EndGlobal
